
Microsoft Visual Studio Solution File, Format Version 12.00
# Visual Studio Version 16
VisualStudioVersion = 16.0.30523.141
MinimumVisualStudioVersion = 10.0.40219.1
Project("{FAE04EC0-301F-11D3-BF4B-00C04F79EFBC}") = "gittest", "gittest\gittest.csproj", "{B58AF251-F99C-4B7A-971A-1E4D61A8AC44}"
EndProject
Global
	GlobalSection(SolutionConfigurationPlatforms) = preSolution
		Debug|Any CPU = Debug|Any CPU
		Release|Any CPU = Release|Any CPU
	EndGlobalSection
	GlobalSection(ProjectConfigurationPlatforms) = postSolution
		{B58AF251-F99C-4B7A-971A-1E4D61A8AC44}.Debug|Any CPU.ActiveCfg = Debug|Any CPU
		{B58AF251-F99C-4B7A-971A-1E4D61A8AC44}.Debug|Any CPU.Build.0 = Debug|Any CPU
		{B58AF251-F99C-4B7A-971A-1E4D61A8AC44}.Release|Any CPU.ActiveCfg = Release|Any CPU
		{B58AF251-F99C-4B7A-971A-1E4D61A8AC44}.Release|Any CPU.Build.0 = Release|Any CPU
	EndGlobalSection
	GlobalSection(SolutionProperties) = preSolution
		HideSolutionNode = FALSE
	EndGlobalSection
	GlobalSection(ExtensibilityGlobals) = postSolution
		SolutionGuid = {705B88FF-D49E-40E6-BBBF-CA90B958F108}
	EndGlobalSection
EndGlobal
